
Microsoft Visual Studio Solution File, Format Version 12.00
# Visual Studio Version 17
VisualStudioVersion = 17.14.37111.16 d17.14
MinimumVisualStudioVersion = 10.0.40219.1
Project("{FAE04EC0-301F-11D3-BF4B-00C04F79EFBC}") = "CalculatorBasic", "CalculatorBasic\CalculatorBasic.csproj", "{62E24CF2-EBD6-4632-8A19-9AC555C4B367}"
EndProject
Global
	GlobalSection(SolutionConfigurationPlatforms) = preSolution
		Debug|Any CPU = Debug|Any CPU
		Release|Any CPU = Release|Any CPU
	EndGlobalSection
	GlobalSection(ProjectConfigurationPlatforms) = postSolution
		{62E24CF2-EBD6-4632-8A19-9AC555C4B367}.Debug|Any CPU.ActiveCfg = Debug|Any CPU
		{62E24CF2-EBD6-4632-8A19-9AC555C4B367}.Debug|Any CPU.Build.0 = Debug|Any CPU
		{62E24CF2-EBD6-4632-8A19-9AC555C4B367}.Release|Any CPU.ActiveCfg = Release|Any CPU
		{62E24CF2-EBD6-4632-8A19-9AC555C4B367}.Release|Any CPU.Build.0 = Release|Any CPU
	EndGlobalSection
	GlobalSection(SolutionProperties) = preSolution
		HideSolutionNode = FALSE
	EndGlobalSection
	GlobalSection(ExtensibilityGlobals) = postSolution
		SolutionGuid = {43C63374-544F-49C1-9B74-6660786E822E}
	EndGlobalSection
EndGlobal
